<?xml version="1.0" encoding="utf-8"?>
<Project ToolsVersion="4.0" xmlns="http://schemas.microsoft.com/developer/msbuild/2003">
  <ItemGroup>

    <ClCompile Include="src\Bindings\CharStatsBinding.cpp" />
    <ClCompile Include="src\Bindings\DamagesBinding.cpp" />

    <ClCompile Include="src\Bindings\GameDataBinding.cpp" />
    <ClCompile Include="src\Bindings\InputHandlerBinding.cpp" />
    <ClCompile Include="src\Bindings\InventoryBinding.cpp" />
    <ClCompile Include="src\Bindings\MedicalSystemBinding.cpp" />
    <ClCompile Include="src\Bindings\PlatoonBinding.cpp" />
    <ClCompile Include="src\dllmain.cpp" />
    <ClCompile Include="src\Gui\InitializeGui.cpp" />
    <ClCompile Include="src\Gui\ScriptEditor.cpp" />
    <ClCompile Include="src\pch.cpp" />
    <ClCompile Include="src\Lua\LuaState.cpp" />
    <ClCompile Include="src\Lua\LuaUtils.cpp" />
    <ClCompile Include="src\Lua\LuaBindings.cpp" />
    <ClCompile Include="src\Lua\Logger.cpp" />
    <ClCompile Include="src\EventSystem.cpp" />
    <ClCompile Include="src\ScriptQueue.cpp" />

    <ClCompile Include="src\Bindings\PlayerInterfaceBinding.cpp" />
    <ClCompile Include="src\Bindings\CharacterBinding.cpp" />
    <ClCompile Include="src\Bindings\HandBinding.cpp" />
    <ClCompile Include="src\Bindings\MyGuiBinding.cpp" />
    <ClCompile Include="src\Bindings\GlobalBinding.cpp" />
    <ClCompile Include="src\Bindings\EnumBinding.cpp" />
    <ClCompile Include="src\Bindings\BountyBinding.cpp" />
    <ClCompile Include="src\Bindings\BountyManagerBinding.cpp" />
    <ClCompile Include="src\Bindings\CameraClassBinding.cpp" />
    <ClCompile Include="src\Bindings\RaceDataBinding.cpp" />
    <ClCompile Include="src\Bindings\RootObjectBinding.cpp" />
    <ClCompile Include="src\Bindings\DialogueBinding.cpp" />
    <ClCompile Include="src\Bindings\FactionBinding.cpp" />
    <ClCompile Include="src\Bindings\TownBinding.cpp" />
    <ClCompile Include="src\Bindings\ItemBinding.cpp" />

    <ClCompile Include="src\Bindings\GameWorldBinding.cpp" />
    <ClCompile Include="src\ModLoader.cpp" />
    <ClCompile Include="src\Bindings\GearBinding.cpp" />
    <ClCompile Include="src\Callbacks.cpp" />
    <ClCompile Include="src\Hooks.cpp" />

    <ClCompile Include="src\Bindings\CharBodyBinding.cpp" />
    <ClCompile Include="src\Lua\Benchmark.cpp" />
    <ClCompile Include="src\Bindings\CharacterAnimalBinding.cpp" />
    <ClCompile Include="src\Bindings\AbstractMovementBaseBinding.cpp" />
    <ClCompile Include="src\Bindings\ActivePlatoonBinding.cpp" />
    <ClCompile Include="src\Bindings\AnimalInventoryLayoutBinding.cpp" />
    <ClCompile Include="src\Bindings\AppearanceAnimalBinding.cpp" />
    <ClCompile Include="src\Bindings\AppearanceBaseBinding.cpp" />
    <ClCompile Include="src\Bindings\AppearanceHumanBinding.cpp" />
    <ClCompile Include="src\Bindings\ArmourBinding.cpp" />
    <ClCompile Include="src\Bindings\AttachedArrowManagerBinding.cpp" />
    <ClCompile Include="src\Bindings\BuildingSwapsBinding.cpp" />
    <ClCompile Include="src\Bindings\CampaignTriggerDataBinding.cpp" />
    <ClCompile Include="src\Bindings\CharacterHumanBinding.cpp" />
    <ClCompile Include="src\Bindings\CharacterInventoryLayoutBinding.cpp" />
    <ClCompile Include="src\Bindings\CharMovementBinding.cpp" />
    <ClCompile Include="src\Bindings\CombatMovementControllerBinding.cpp" />
    <ClCompile Include="src\Bindings\ContainerItemBinding.cpp" />
    <ClCompile Include="src\Bindings\CreatelistItemBinding.cpp" />
    <ClCompile Include="src\Bindings\CrossbowBinding.cpp" />
    <ClCompile Include="src\Bindings\DataObjectContainerBinding.cpp" />
    <ClCompile Include="src\Bindings\DelayedSpawnMsgBinding.cpp" />
    <ClCompile Include="src\Bindings\DialogActionBinding.cpp" />
    <ClCompile Include="src\Bindings\DialogChoiceListBinding.cpp" />
    <ClCompile Include="src\Bindings\DialogConditionBinding.cpp" />
    <ClCompile Include="src\Bindings\DialogDataManagerBinding.cpp" />
    <ClCompile Include="src\Bindings\DialogLineDataBinding.cpp" />
    <ClCompile Include="src\Bindings\DialogStateBinding.cpp" />
    <ClCompile Include="src\Bindings\DialogueSpeechBubbleBinding.cpp" />
    <ClCompile Include="src\Bindings\FactionManagerBinding.cpp" />
    <ClCompile Include="src\Bindings\FlagConditionBinding.cpp" />
    <ClCompile Include="src\Bindings\FlockingToolsBinding.cpp" />
    <ClCompile Include="src\Bindings\FormationMoverBinding.cpp" />
    <ClCompile Include="src\Bindings\GameDataContainerBinding.cpp" />
    <ClCompile Include="src\Bindings\GameDataCopyStandaloneBinding.cpp" />
    <ClCompile Include="src\Bindings\GameDataHeaderBinding.cpp" />
    <ClCompile Include="src\Bindings\GameDataManagerBinding.cpp" />
    <ClCompile Include="src\Bindings\GameDataReferenceBinding.cpp" />
    <ClCompile Include="src\Bindings\GameDataValuePairBinding.cpp" />
    <ClCompile Include="src\Bindings\GameplayOptionsBinding.cpp" />
    <ClCompile Include="src\Bindings\HasRoomCacheBinding.cpp" />
    <ClCompile Include="src\Bindings\HealthPartStatusBinding.cpp" />
    <ClCompile Include="src\Bindings\InventoryItemBaseBinding.cpp" />
    <ClCompile Include="src\Bindings\InventorySectionBinding.cpp" />
    <ClCompile Include="src\Bindings\ItemDataBinding.cpp" />
    <ClCompile Include="src\Bindings\LimbsInventoryLayoutBinding.cpp" />
    <ClCompile Include="src\Bindings\LimiterBinding.cpp" />
    <ClCompile Include="src\Bindings\LockedArmourBinding.cpp" />
    <ClCompile Include="src\Bindings\MedianFilter2DVectorBinding.cpp" />
    <ClCompile Include="src\Bindings\MedianFilterBinding.cpp" />
    <ClCompile Include="src\Bindings\MeshDataLookupBinding.cpp" />
    <ClCompile Include="src\Bindings\MotionFilterBinding.cpp" />
    <ClCompile Include="src\Bindings\NxUserControllerHitReportBinding.cpp" />
    <ClCompile Include="src\Bindings\ObjectInstanceBinding.cpp" />
    <ClCompile Include="src\Bindings\OptionsHolderBinding.cpp" />
    <ClCompile Include="src\Bindings\OwnershipsBinding.cpp" />
    <ClCompile Include="src\Bindings\physHitBinding.cpp" />
    <ClCompile Include="src\Bindings\RaceLimiterBinding.cpp" />
    <ClCompile Include="src\Bindings\RepetitionCounterBinding.cpp" />
    <ClCompile Include="src\Bindings\RobotLimbsBinding.cpp" />
    <ClCompile Include="src\Bindings\RootObjectBaseBinding.cpp" />
    <ClCompile Include="src\Bindings\RootObjectContainerBinding.cpp" />
    <ClCompile Include="src\Bindings\RootObjectFactoryBinding.cpp" />
    <ClCompile Include="src\Bindings\SectionItemBinding.cpp" />
    <ClCompile Include="src\Bindings\SeenSomeoneBinding.cpp" />
    <ClCompile Include="src\Bindings\SenseItrBinding.cpp" />
    <ClCompile Include="src\Bindings\SensoryDataBinding.cpp" />
    <ClCompile Include="src\Bindings\SimpleTimeStamperBinding.cpp" />
    <ClCompile Include="src\Bindings\SpecificItemLoadFirstBinding.cpp" />
    <ClCompile Include="src\Bindings\SpeedGroupBinding.cpp" />
    <ClCompile Include="src\Bindings\SpotBinding.cpp" />
    <ClCompile Include="src\Bindings\SpottingPeopleMgrBinding.cpp" />
    <ClCompile Include="src\Bindings\SwordBinding.cpp" />
    <ClCompile Include="src\Bindings\SysMessageBinding.cpp" />
    <ClCompile Include="src\Bindings\TaskDataBinding.cpp" />
    <ClCompile Include="src\Bindings\TaskerBinding.cpp" />
    <ClCompile Include="src\Bindings\TaskStateDataBinding.cpp" />
    <ClCompile Include="src\Bindings\TownBaseBinding.cpp" />
    <ClCompile Include="src\Bindings\TownBuildingsManagerBinding.cpp" />
    <ClCompile Include="src\Bindings\TownPositionCacherBinding.cpp" />
    <ClCompile Include="src\Bindings\VisibleObjectInfoBinding.cpp" />
    <ClCompile Include="src\Bindings\WaterStateBinding.cpp" />
    <ClCompile Include="src\Bindings\WeaponBinding.cpp" />
    <ClCompile Include="src\Bindings\WhoSeesMeBinding.cpp" />
    <ClCompile Include="src\Bindings\WorldEventStateQueryBinding.cpp" />
    <ClCompile Include="src\Bindings\WorldEventStateQueryListBinding.cpp" />
    <ClCompile Include="src\Bindings\AIOptionsBinding.cpp" />
    <ClCompile Include="src\Bindings\ContextMenuBinding.cpp" />
    <ClCompile Include="src\Bindings\Building\BuildMaterialBinding.cpp" />
    <ClCompile Include="src\Bindings\Building\BuildingBinding.cpp" />
    <ClCompile Include="src\Bindings\Building\BuildingPlacementGroundTypeBinding.cpp" />
    <ClCompile Include="src\Bindings\Building\ConstructionStateBinding.cpp" />
    <ClCompile Include="src\Bindings\Building\FootprintBinding.cpp" />
    <ClCompile Include="src\Bindings\Building\FootprintNodeBinding.cpp" />
    <ClCompile Include="src\Bindings\Building\PreviewBuildingBinding.cpp" />
  </ItemGroup>
  <ItemGroup>

    <ClInclude Include="src\Bindings\CharStatsBinding.h" />
    <ClInclude Include="src\Bindings\DamagesBinding.h" />
    <ClInclude Include="src\Bindings\DialogueBinding.h" />

    <ClInclude Include="src\Bindings\FactionBinding.h" />
    <ClInclude Include="src\Bindings\GameDataBinding.h" />
    <ClInclude Include="src\Bindings\GameWorldBinding.h" />
    <ClInclude Include="src\Bindings\InputHandlerBinding.h" />
    <ClInclude Include="src\Bindings\InventoryBinding.h" />
    <ClInclude Include="src\Bindings\ItemBinding.h" />
    <ClInclude Include="src\Bindings\MedicalSystemBinding.h" />
    <ClInclude Include="src\Bindings\PlatoonBinding.h" />
    <ClInclude Include="src\Bindings\TownBinding.h" />
    <ClInclude Include="src\framework.h" />
    <ClInclude Include="src\Gui\InitializeGui.h" />
    <ClInclude Include="src\Gui\ScriptEditor.h" />
    <ClInclude Include="src\pch.h" />
    <ClInclude Include="src\Lua\LuaState.h" />
    <ClInclude Include="src\Lua\LuaUtils.h" />
    <ClInclude Include="src\Lua\LuaBindings.h" />
    <ClInclude Include="src\Lua\Logger.h" />
    <ClInclude Include="src\EventSystem.h" />
    <ClInclude Include="src\ScriptQueue.h" />

    <ClInclude Include="src\Bindings\PlayerInterfaceBinding.h" />
    <ClInclude Include="src\Bindings\CharacterBinding.h" />
    <ClInclude Include="src\Bindings\HandBinding.h" />
    <ClInclude Include="src\Bindings\MyGuiBinding.h" />
    <ClInclude Include="src\Bindings\GlobalBinding.h" />
    <ClInclude Include="src\Bindings\EnumBinding.h" />
    <ClInclude Include="src\Bindings\BountyBinding.h" />
    <ClInclude Include="src\Bindings\BountyManagerBinding.h" />
    <ClInclude Include="src\Bindings\CameraClassBinding.h" />
    <ClInclude Include="src\Bindings\RaceDataBinding.h" />
    <ClInclude Include="src\Bindings\RootObjectBinding.h" />
    <ClInclude Include="src\Lua\BindingHelpers.h" />
    <ClInclude Include="src\ModLoader.h" />
    <ClInclude Include="src\Bindings\GearBinding.h" />

    <ClInclude Include="src\Callbacks.h" />
    <ClInclude Include="src\Hooks.h" />

    <ClInclude Include="src\Bindings\CharBodyBinding.h" />
    <ClInclude Include="extern\kenshilib\Include\ogre\Animation\OgreBone.h" />
    <ClInclude Include="extern\kenshilib\Include\ogre\Animation\OgreSkeletonAnimation.h" />
    <ClInclude Include="extern\kenshilib\Include\ogre\Animation\OgreSkeletonAnimationDef.h" />
    <ClInclude Include="extern\kenshilib\Include\ogre\Animation\OgreSkeletonAnimManager.h" />
    <ClInclude Include="extern\kenshilib\Include\ogre\Animation\OgreSkeletonDef.h" />
    <ClInclude Include="extern\kenshilib\Include\ogre\Animation\OgreSkeletonInstance.h" />
    <ClInclude Include="extern\kenshilib\Include\ogre\Animation\OgreSkeletonManager.h" />
    <ClInclude Include="extern\kenshilib\Include\ogre\Animation\OgreSkeletonTrack.h" />
    <ClInclude Include="extern\kenshilib\Include\ogre\asm_math.h" />
    <ClInclude Include="extern\kenshilib\Include\ogre\Compositor\OgreCompositorChannel.h" />
    <ClInclude Include="extern\kenshilib\Include\ogre\Compositor\OgreCompositorCommon.h" />
    <ClInclude Include="extern\kenshilib\Include\ogre\Compositor\OgreCompositorManager2.h" />
    <ClInclude Include="extern\kenshilib\Include\ogre\Compositor\OgreCompositorNode.h" />
    <ClInclude Include="extern\kenshilib\Include\ogre\Compositor\OgreCompositorNodeDef.h" />
    <ClInclude Include="extern\kenshilib\Include\ogre\Compositor\OgreCompositorShadowNode.h" />
    <ClInclude Include="extern\kenshilib\Include\ogre\Compositor\OgreCompositorShadowNodeDef.h" />
    <ClInclude Include="extern\kenshilib\Include\ogre\Compositor\OgreCompositorWorkspace.h" />
    <ClInclude Include="extern\kenshilib\Include\ogre\Compositor\OgreCompositorWorkspaceDef.h" />
    <ClInclude Include="extern\kenshilib\Include\ogre\Compositor\OgreCompositorWorkspaceListener.h" />
    <ClInclude Include="extern\kenshilib\Include\ogre\Compositor\OgreTextureDefinition.h" />
    <ClInclude Include="extern\kenshilib\Include\ogre\Compositor\Pass\OgreCompositorPass.h" />
    <ClInclude Include="extern\kenshilib\Include\ogre\Compositor\Pass\OgreCompositorPassDef.h" />
    <ClInclude Include="extern\kenshilib\Include\ogre\Compositor\Pass\OgreCompositorPassProvider.h" />
    <ClInclude Include="extern\kenshilib\Include\ogre\Compositor\Pass\PassClear\OgreCompositorPassClear.h" />
    <ClInclude Include="extern\kenshilib\Include\ogre\Compositor\Pass\PassClear\OgreCompositorPassClearDef.h" />
    <ClInclude Include="extern\kenshilib\Include\ogre\Compositor\Pass\PassQuad\OgreCompositorPassQuad.h" />
    <ClInclude Include="extern\kenshilib\Include\ogre\Compositor\Pass\PassQuad\OgreCompositorPassQuadDef.h" />
    <ClInclude Include="extern\kenshilib\Include\ogre\Compositor\Pass\PassScene\OgreCompositorPassScene.h" />
    <ClInclude Include="extern\kenshilib\Include\ogre\Compositor\Pass\PassScene\OgreCompositorPassSceneDef.h" />
    <ClInclude Include="extern\kenshilib\Include\ogre\Compositor\Pass\PassStencil\OgreCompositorPassStencil.h" />
    <ClInclude Include="extern\kenshilib\Include\ogre\Compositor\Pass\PassStencil\OgreCompositorPassStencilDef.h" />
    <ClInclude Include="extern\kenshilib\Include\ogre\ExampleApplication.h" />
    <ClInclude Include="extern\kenshilib\Include\ogre\ExampleFrameListener.h" />
    <ClInclude Include="extern\kenshilib\Include\ogre\ExampleLoadingBar.h" />
    <ClInclude Include="extern\kenshilib\Include\ogre\Hash\MurmurHash3.h" />
    <ClInclude Include="extern\kenshilib\Include\ogre\InputContext.h" />
    <ClInclude Include="extern\kenshilib\Include\ogre\Math\Array\NEON\Single\neon_mathfun.h" />
    <ClInclude Include="extern\kenshilib\Include\ogre\Math\Array\NEON\Single\OgreArrayAabb.h" />
    <ClInclude Include="extern\kenshilib\Include\ogre\Math\Array\NEON\Single\OgreArrayMatrix4.h" />
    <ClInclude Include="extern\kenshilib\Include\ogre\Math\Array\NEON\Single\OgreArrayMatrixAf4x3.h" />
    <ClInclude Include="extern\kenshilib\Include\ogre\Math\Array\NEON\Single\OgreArrayQuaternion.h" />
    <ClInclude Include="extern\kenshilib\Include\ogre\Math\Array\NEON\Single\OgreArraySphere.h" />
    <ClInclude Include="extern\kenshilib\Include\ogre\Math\Array\NEON\Single\OgreArrayVector3.h" />
    <ClInclude Include="extern\kenshilib\Include\ogre\Math\Array\NEON\Single\OgreBooleanMask.h" />
    <ClInclude Include="extern\kenshilib\Include\ogre\Math\Array\NEON\Single\OgreMathlibNEON.h" />
    <ClInclude Include="extern\kenshilib\Include\ogre\Math\Array\OgreArrayAabb.h" />
    <ClInclude Include="extern\kenshilib\Include\ogre\Math\Array\OgreArrayConfig.h" />
    <ClInclude Include="extern\kenshilib\Include\ogre\Math\Array\OgreArrayMatrix4.h" />
    <ClInclude Include="extern\kenshilib\Include\ogre\Math\Array\OgreArrayMatrixAf4x3.h" />
    <ClInclude Include="extern\kenshilib\Include\ogre\Math\Array\OgreArrayMemoryManager.h" />
    <ClInclude Include="extern\kenshilib\Include\ogre\Math\Array\OgreArrayQuaternion.h" />
    <ClInclude Include="extern\kenshilib\Include\ogre\Math\Array\OgreArraySphere.h" />
    <ClInclude Include="extern\kenshilib\Include\ogre\Math\Array\OgreArrayVector3.h" />
    <ClInclude Include="extern\kenshilib\Include\ogre\Math\Array\OgreBoneArrayMemoryManager.h" />
    <ClInclude Include="extern\kenshilib\Include\ogre\Math\Array\OgreBoneMemoryManager.h" />
    <ClInclude Include="extern\kenshilib\Include\ogre\Math\Array\OgreBoneTransform.h" />
    <ClInclude Include="extern\kenshilib\Include\ogre\Math\Array\OgreBooleanMask.h" />
    <ClInclude Include="extern\kenshilib\Include\ogre\Math\Array\OgreKfTransform.h" />
    <ClInclude Include="extern\kenshilib\Include\ogre\Math\Array\OgreKfTransformArrayMemoryManager.h" />
    <ClInclude Include="extern\kenshilib\Include\ogre\Math\Array\OgreMathlib.h" />
    <ClInclude Include="extern\kenshilib\Include\ogre\Math\Array\OgreNodeMemoryManager.h" />
    <ClInclude Include="extern\kenshilib\Include\ogre\Math\Array\OgreObjectData.h" />
    <ClInclude Include="extern\kenshilib\Include\ogre\Math\Array\OgreObjectMemoryManager.h" />
    <ClInclude Include="extern\kenshilib\Include\ogre\Math\Array\OgreTransform.h" />
    <ClInclude Include="extern\kenshilib\Include\ogre\Math\Array\SSE2\Single\OgreArrayAabb.h" />
    <ClInclude Include="extern\kenshilib\Include\ogre\Math\Array\SSE2\Single\OgreArrayMatrix4.h" />
    <ClInclude Include="extern\kenshilib\Include\ogre\Math\Array\SSE2\Single\OgreArrayMatrixAf4x3.h" />
    <ClInclude Include="extern\kenshilib\Include\ogre\Math\Array\SSE2\Single\OgreArrayQuaternion.h" />
    <ClInclude Include="extern\kenshilib\Include\ogre\Math\Array\SSE2\Single\OgreArraySphere.h" />
    <ClInclude Include="extern\kenshilib\Include\ogre\Math\Array\SSE2\Single\OgreArrayVector3.h" />
    <ClInclude Include="extern\kenshilib\Include\ogre\Math\Array\SSE2\Single\OgreBooleanMask.h" />
    <ClInclude Include="extern\kenshilib\Include\ogre\Math\Array\SSE2\Single\OgreMathlibSSE2.h" />
    <ClInclude Include="extern\kenshilib\Include\ogre\Math\Array\SSE2\Single\sse_mathfun.h" />
    <ClInclude Include="extern\kenshilib\Include\ogre\Math\Simple\C\OgreAabb.h" />
    <ClInclude Include="extern\kenshilib\Include\ogre\Math\Simple\OgreAabb.h" />
    <ClInclude Include="extern\kenshilib\Include\ogre\MeshLodGenerator\OgreLod0Stripifier.h" />
    <ClInclude Include="extern\kenshilib\Include\ogre\MeshLodGenerator\OgreLodBuffer.h" />
    <ClInclude Include="extern\kenshilib\Include\ogre\MeshLodGenerator\OgreLodCollapseCost.h" />
    <ClInclude Include="extern\kenshilib\Include\ogre\MeshLodGenerator\OgreLodCollapseCostCurvature.h" />
    <ClInclude Include="extern\kenshilib\Include\ogre\MeshLodGenerator\OgreLodCollapseCostOutside.h" />
    <ClInclude Include="extern\kenshilib\Include\ogre\MeshLodGenerator\OgreLodCollapseCostProfiler.h" />
    <ClInclude Include="extern\kenshilib\Include\ogre\MeshLodGenerator\OgreLodCollapseCostQuadric.h" />
    <ClInclude Include="extern\kenshilib\Include\ogre\MeshLodGenerator\OgreLodCollapser.h" />
    <ClInclude Include="extern\kenshilib\Include\ogre\MeshLodGenerator\OgreLodConfig.h" />
    <ClInclude Include="extern\kenshilib\Include\ogre\MeshLodGenerator\OgreLodConfigSerializer.h" />
    <ClInclude Include="extern\kenshilib\Include\ogre\MeshLodGenerator\OgreLodData.h" />
    <ClInclude Include="extern\kenshilib\Include\ogre\MeshLodGenerator\OgreLodInputProvider.h" />
    <ClInclude Include="extern\kenshilib\Include\ogre\MeshLodGenerator\OgreLodInputProviderBuffer.h" />
    <ClInclude Include="extern\kenshilib\Include\ogre\MeshLodGenerator\OgreLodInputProviderMesh.h" />
    <ClInclude Include="extern\kenshilib\Include\ogre\MeshLodGenerator\OgreLodOutputProvider.h" />
    <ClInclude Include="extern\kenshilib\Include\ogre\MeshLodGenerator\OgreLodOutputProviderBuffer.h" />
    <ClInclude Include="extern\kenshilib\Include\ogre\MeshLodGenerator\OgreLodOutputProviderCompressedBuffer.h" />
    <ClInclude Include="extern\kenshilib\Include\ogre\MeshLodGenerator\OgreLodOutputProviderCompressedMesh.h" />
    <ClInclude Include="extern\kenshilib\Include\ogre\MeshLodGenerator\OgreLodOutputProviderMesh.h" />
    <ClInclude Include="extern\kenshilib\Include\ogre\MeshLodGenerator\OgreLodOutsideMarker.h" />
    <ClInclude Include="extern\kenshilib\Include\ogre\MeshLodGenerator\OgreLodPrerequisites.h" />
    <ClInclude Include="extern\kenshilib\Include\ogre\MeshLodGenerator\OgreLodWorkQueueInjector.h" />
    <ClInclude Include="extern\kenshilib\Include\ogre\MeshLodGenerator\OgreLodWorkQueueInjectorListener.h" />
    <ClInclude Include="extern\kenshilib\Include\ogre\MeshLodGenerator\OgreLodWorkQueueRequest.h" />
    <ClInclude Include="extern\kenshilib\Include\ogre\MeshLodGenerator\OgreLodWorkQueueWorker.h" />
    <ClInclude Include="extern\kenshilib\Include\ogre\MeshLodGenerator\OgreMeshLodGenerator.h" />
    <ClInclude Include="extern\kenshilib\Include\ogre\MeshLodGenerator\OgreSmallVector.h" />
    <ClInclude Include="extern\kenshilib\Include\ogre\MeshLodGenerator\OgreVectorSet.h" />
    <ClInclude Include="extern\kenshilib\Include\ogre\MeshLodGenerator\OgreVectorSetImpl.h" />
    <ClInclude Include="extern\kenshilib\Include\ogre\Ogre.h" />
    <ClInclude Include="extern\kenshilib\Include\ogre\OgreAlignedAllocator.h" />
    <ClInclude Include="extern\kenshilib\Include\ogre\OgreAnimable.h" />
    <ClInclude Include="extern\kenshilib\Include\ogre\OgreAnimation.h" />
    <ClInclude Include="extern\kenshilib\Include\ogre\OgreAnimationState.h" />
    <ClInclude Include="extern\kenshilib\Include\ogre\OgreAnimationTrack.h" />
    <ClInclude Include="extern\kenshilib\Include\ogre\OgreAny.h" />
    <ClInclude Include="extern\kenshilib\Include\ogre\OgreArchive.h" />
    <ClInclude Include="extern\kenshilib\Include\ogre\OgreArchiveFactory.h" />
    <ClInclude Include="extern\kenshilib\Include\ogre\OgreArchiveManager.h" />
    <ClInclude Include="extern\kenshilib\Include\ogre\OgreAtomicObject.h" />
    <ClInclude Include="extern\kenshilib\Include\ogre\OgreAtomicScalar.h" />
    <ClInclude Include="extern\kenshilib\Include\ogre\OgreAutoParamDataSource.h" />
    <ClInclude Include="extern\kenshilib\Include\ogre\OgreAxisAlignedBox.h" />
    <ClInclude Include="extern\kenshilib\Include\ogre\OgreBillboard.h" />
    <ClInclude Include="extern\kenshilib\Include\ogre\OgreBillboardChain.h" />
    <ClInclude Include="extern\kenshilib\Include\ogre\OgreBillboardParticleRenderer.h" />
    <ClInclude Include="extern\kenshilib\Include\ogre\OgreBillboardSet.h" />
    <ClInclude Include="extern\kenshilib\Include\ogre\OgreBitwise.h" />
    <ClInclude Include="extern\kenshilib\Include\ogre\OgreBlendMode.h" />
    <ClInclude Include="extern\kenshilib\Include\ogre\OgreBuildSettings.h" />
    <ClInclude Include="extern\kenshilib\Include\ogre\OgreCamera.h" />
    <ClInclude Include="extern\kenshilib\Include\ogre\OgreCodec.h" />
    <ClInclude Include="extern\kenshilib\Include\ogre\OgreColourValue.h" />
    <ClInclude Include="extern\kenshilib\Include\ogre\OgreCommon.h" />
    <ClInclude Include="extern\kenshilib\Include\ogre\OgreConfig.h" />
    <ClInclude Include="extern\kenshilib\Include\ogre\OgreConfigDialog.h" />
    <ClInclude Include="extern\kenshilib\Include\ogre\OgreConfigFile.h" />
    <ClInclude Include="extern\kenshilib\Include\ogre\OgreConfigOptionMap.h" />
    <ClInclude Include="extern\kenshilib\Include\ogre\OgreController.h" />
    <ClInclude Include="extern\kenshilib\Include\ogre\OgreControllerManager.h" />
    <ClInclude Include="extern\kenshilib\Include\ogre\OgreConvexBody.h" />
    <ClInclude Include="extern\kenshilib\Include\ogre\OgreCustomCompositionPass.h" />
    <ClInclude Include="extern\kenshilib\Include\ogre\OgreDataStream.h" />
    <ClInclude Include="extern\kenshilib\Include\ogre\OgreDDSCodec.h" />
    <ClInclude Include="extern\kenshilib\Include\ogre\OgreDefaultHardwareBufferManager.h" />
    <ClInclude Include="extern\kenshilib\Include\ogre\OgreDeflate.h" />
    <ClInclude Include="extern\kenshilib\Include\ogre\OgreDepthBuffer.h" />
    <ClInclude Include="extern\kenshilib\Include\ogre\OgreDistanceLodStrategy.h" />
    <ClInclude Include="extern\kenshilib\Include\ogre\OgreDualQuaternion.h" />
    <ClInclude Include="extern\kenshilib\Include\ogre\OgreDynLib.h" />
    <ClInclude Include="extern\kenshilib\Include\ogre\OgreDynLibManager.h" />
    <ClInclude Include="extern\kenshilib\Include\ogre\OgreEdgeListBuilder.h" />
    <ClInclude Include="extern\kenshilib\Include\ogre\OgreEntity.h" />
    <ClInclude Include="extern\kenshilib\Include\ogre\OgreErrorDialog.h" />
    <ClInclude Include="extern\kenshilib\Include\ogre\OgreETCCodec.h" />
    <ClInclude Include="extern\kenshilib\Include\ogre\OgreException.h" />
    <ClInclude Include="extern\kenshilib\Include\ogre\OgreExternalTextureSource.h" />
    <ClInclude Include="extern\kenshilib\Include\ogre\OgreExternalTextureSourceManager.h" />
    <ClInclude Include="extern\kenshilib\Include\ogre\OgreFactoryObj.h" />
    <ClInclude Include="extern\kenshilib\Include\ogre\OgreFastArray.h" />
    <ClInclude Include="extern\kenshilib\Include\ogre\OgreFileSystem.h" />
    <ClInclude Include="extern\kenshilib\Include\ogre\OgreFileSystemLayer.h" />
    <ClInclude Include="extern\kenshilib\Include\ogre\OgreFrameListener.h" />
    <ClInclude Include="extern\kenshilib\Include\ogre\OgreFrameStats.h" />
    <ClInclude Include="extern\kenshilib\Include\ogre\OgreFreeImageCodec.h" />
    <ClInclude Include="extern\kenshilib\Include\ogre\OgreFrustum.h" />
    <ClInclude Include="extern\kenshilib\Include\ogre\OgreGpuProgram.h" />
    <ClInclude Include="extern\kenshilib\Include\ogre\OgreGpuProgramManager.h" />
    <ClInclude Include="extern\kenshilib\Include\ogre\OgreGpuProgramParams.h" />
    <ClInclude Include="extern\kenshilib\Include\ogre\OgreGpuProgramUsage.h" />
    <ClInclude Include="extern\kenshilib\Include\ogre\OgreHardwareBuffer.h" />
    <ClInclude Include="extern\kenshilib\Include\ogre\OgreHardwareBufferManager.h" />
    <ClInclude Include="extern\kenshilib\Include\ogre\OgreHardwareCounterBuffer.h" />
    <ClInclude Include="extern\kenshilib\Include\ogre\OgreHardwareIndexBuffer.h" />
    <ClInclude Include="extern\kenshilib\Include\ogre\OgreHardwareOcclusionQuery.h" />
    <ClInclude Include="extern\kenshilib\Include\ogre\OgreHardwarePixelBuffer.h" />
    <ClInclude Include="extern\kenshilib\Include\ogre\OgreHardwareUniformBuffer.h" />
    <ClInclude Include="extern\kenshilib\Include\ogre\OgreHardwareVertexBuffer.h" />
    <ClInclude Include="extern\kenshilib\Include\ogre\OgreHeaderPrefix.h" />
    <ClInclude Include="extern\kenshilib\Include\ogre\OgreHeaderSuffix.h" />
    <ClInclude Include="extern\kenshilib\Include\ogre\OgreHighLevelGpuProgram.h" />
    <ClInclude Include="extern\kenshilib\Include\ogre\OgreHighLevelGpuProgramManager.h" />
    <ClInclude Include="extern\kenshilib\Include\ogre\OgreHlms.h" />
    <ClInclude Include="extern\kenshilib\Include\ogre\OgreHlmsCommon.h" />
    <ClInclude Include="extern\kenshilib\Include\ogre\OgreHlmsManager.h" />
    <ClInclude Include="extern\kenshilib\Include\ogre\OgreId.h" />
    <ClInclude Include="extern\kenshilib\Include\ogre\OgreIdString.h" />
    <ClInclude Include="extern\kenshilib\Include\ogre\OgreImage.h" />
    <ClInclude Include="extern\kenshilib\Include\ogre\OgreImageCodec.h" />
    <ClInclude Include="extern\kenshilib\Include\ogre\OgreImageResampler.h" />
    <ClInclude Include="extern\kenshilib\Include\ogre\OgreInstanceBatch.h" />
    <ClInclude Include="extern\kenshilib\Include\ogre\OgreInstanceBatchHW.h" />
    <ClInclude Include="extern\kenshilib\Include\ogre\OgreInstanceBatchHW_VTF.h" />
    <ClInclude Include="extern\kenshilib\Include\ogre\OgreInstanceBatchShader.h" />
    <ClInclude Include="extern\kenshilib\Include\ogre\OgreInstanceBatchVTF.h" />
    <ClInclude Include="extern\kenshilib\Include\ogre\OgreInstancedEntity.h" />
    <ClInclude Include="extern\kenshilib\Include\ogre\OgreInstanceManager.h" />
    <ClInclude Include="extern\kenshilib\Include\ogre\OgreIteratorRange.h" />
    <ClInclude Include="extern\kenshilib\Include\ogre\OgreIteratorWrapper.h" />
    <ClInclude Include="extern\kenshilib\Include\ogre\OgreIteratorWrappers.h" />
    <ClInclude Include="extern\kenshilib\Include\ogre\OgreKeyFrame.h" />
    <ClInclude Include="extern\kenshilib\Include\ogre\OgreLight.h" />
    <ClInclude Include="extern\kenshilib\Include\ogre\OgreLodListener.h" />
    <ClInclude Include="extern\kenshilib\Include\ogre\OgreLodStrategy.h" />
    <ClInclude Include="extern\kenshilib\Include\ogre\OgreLodStrategyManager.h" />
    <ClInclude Include="extern\kenshilib\Include\ogre\OgreLog.h" />
    <ClInclude Include="extern\kenshilib\Include\ogre\OgreLogManager.h" />
    <ClInclude Include="extern\kenshilib\Include\ogre\OgreManualObject.h" />
    <ClInclude Include="extern\kenshilib\Include\ogre\OgreMaterial.h" />
    <ClInclude Include="extern\kenshilib\Include\ogre\OgreMaterialManager.h" />
    <ClInclude Include="extern\kenshilib\Include\ogre\OgreMaterialSerializer.h" />
    <ClInclude Include="extern\kenshilib\Include\ogre\OgreMath.h" />
    <ClInclude Include="extern\kenshilib\Include\ogre\OgreMatrix3.h" />
    <ClInclude Include="extern\kenshilib\Include\ogre\OgreMatrix4.h" />
    <ClInclude Include="extern\kenshilib\Include\ogre\OgreMemoryAllocatedObject.h" />
    <ClInclude Include="extern\kenshilib\Include\ogre\OgreMemoryAllocatorConfig.h" />
    <ClInclude Include="extern\kenshilib\Include\ogre\OgreMemoryNedAlloc.h" />
    <ClInclude Include="extern\kenshilib\Include\ogre\OgreMemoryNedPooling.h" />
    <ClInclude Include="extern\kenshilib\Include\ogre\OgreMemoryStdAlloc.h" />
    <ClInclude Include="extern\kenshilib\Include\ogre\OgreMemorySTLAllocator.h" />
    <ClInclude Include="extern\kenshilib\Include\ogre\OgreMemoryTrackAlloc.h" />
    <ClInclude Include="extern\kenshilib\Include\ogre\OgreMemoryTracker.h" />
    <ClInclude Include="extern\kenshilib\Include\ogre\OgreMesh.h" />
    <ClInclude Include="extern\kenshilib\Include\ogre\OgreMeshFileFormat.h" />
    <ClInclude Include="extern\kenshilib\Include\ogre\OgreMeshManager.h" />
    <ClInclude Include="extern\kenshilib\Include\ogre\OgreMeshSerializer.h" />
    <ClInclude Include="extern\kenshilib\Include\ogre\OgreMeshSerializerImpl.h" />
    <ClInclude Include="extern\kenshilib\Include\ogre\OgreMovableObject.h" />
    <ClInclude Include="extern\kenshilib\Include\ogre\OgreMovablePlane.h" />
    <ClInclude Include="extern\kenshilib\Include\ogre\OgreNameGenerator.h" />
    <ClInclude Include="extern\kenshilib\Include\ogre\OgreNode.h" />
    <ClInclude Include="extern\kenshilib\Include\ogre\OgreNumerics.h" />
    <ClInclude Include="extern\kenshilib\Include\ogre\OgreOldBone.h" />
    <ClInclude Include="extern\kenshilib\Include\ogre\OgreOldNode.h" />
    <ClInclude Include="extern\kenshilib\Include\ogre\OgreOldSkeletonInstance.h" />
    <ClInclude Include="extern\kenshilib\Include\ogre\OgreOldSkeletonManager.h" />
    <ClInclude Include="extern\kenshilib\Include\ogre\OgreOptimisedUtil.h" />
    <ClInclude Include="extern\kenshilib\Include\ogre\OgreParticle.h" />
    <ClInclude Include="extern\kenshilib\Include\ogre\OgreParticleAffector.h" />
    <ClInclude Include="extern\kenshilib\Include\ogre\OgreParticleAffectorFactory.h" />
    <ClInclude Include="extern\kenshilib\Include\ogre\OgreParticleEmitter.h" />
    <ClInclude Include="extern\kenshilib\Include\ogre\OgreParticleEmitterCommands.h" />
    <ClInclude Include="extern\kenshilib\Include\ogre\OgreParticleEmitterFactory.h" />
    <ClInclude Include="extern\kenshilib\Include\ogre\OgreParticleIterator.h" />
    <ClInclude Include="extern\kenshilib\Include\ogre\OgreParticleSystem.h" />
    <ClInclude Include="extern\kenshilib\Include\ogre\OgreParticleSystemManager.h" />
    <ClInclude Include="extern\kenshilib\Include\ogre\OgreParticleSystemRenderer.h" />
    <ClInclude Include="extern\kenshilib\Include\ogre\OgrePass.h" />
    <ClInclude Include="extern\kenshilib\Include\ogre\OgrePatchMesh.h" />
    <ClInclude Include="extern\kenshilib\Include\ogre\OgrePatchSurface.h" />
    <ClInclude Include="extern\kenshilib\Include\ogre\OgrePixelBox.h" />
    <ClInclude Include="extern\kenshilib\Include\ogre\OgrePixelConversions.h" />
    <ClInclude Include="extern\kenshilib\Include\ogre\OgrePixelCountLodStrategy.h" />
    <ClInclude Include="extern\kenshilib\Include\ogre\OgrePixelFormat.h" />
    <ClInclude Include="extern\kenshilib\Include\ogre\OgrePixelFormatDescriptions.h" />
    <ClInclude Include="extern\kenshilib\Include\ogre\OgrePlane.h" />
    <ClInclude Include="extern\kenshilib\Include\ogre\OgrePlaneBoundedVolume.h" />
    <ClInclude Include="extern\kenshilib\Include\ogre\OgrePlatform.h" />
    <ClInclude Include="extern\kenshilib\Include\ogre\OgrePlatformInformation.h" />
    <ClInclude Include="extern\kenshilib\Include\ogre\OgrePlugin.h" />
    <ClInclude Include="extern\kenshilib\Include\ogre\OgrePolygon.h" />
    <ClInclude Include="extern\kenshilib\Include\ogre\OgrePose.h" />
    <ClInclude Include="extern\kenshilib\Include\ogre\OgrePredefinedControllers.h" />
    <ClInclude Include="extern\kenshilib\Include\ogre\OgrePrefabFactory.h" />
    <ClInclude Include="extern\kenshilib\Include\ogre\OgrePrerequisites.h" />
    <ClInclude Include="extern\kenshilib\Include\ogre\OgreProfiler.h" />
    <ClInclude Include="extern\kenshilib\Include\ogre\OgreQuaternion.h" />
    <ClInclude Include="extern\kenshilib\Include\ogre\OgreRadixSort.h" />
    <ClInclude Include="extern\kenshilib\Include\ogre\OgreRawPtr.h" />
    <ClInclude Include="extern\kenshilib\Include\ogre\OgreRay.h" />
    <ClInclude Include="extern\kenshilib\Include\ogre\OgreRectangle2D.h" />
    <ClInclude Include="extern\kenshilib\Include\ogre\OgreRenderable.h" />
    <ClInclude Include="extern\kenshilib\Include\ogre\OgreRenderObjectListener.h" />
    <ClInclude Include="extern\kenshilib\Include\ogre\OgreRenderOperation.h" />
    <ClInclude Include="extern\kenshilib\Include\ogre\OgreRenderQueue.h" />
    <ClInclude Include="extern\kenshilib\Include\ogre\OgreRenderQueueInvocation.h" />
    <ClInclude Include="extern\kenshilib\Include\ogre\OgreRenderQueueListener.h" />
    <ClInclude Include="extern\kenshilib\Include\ogre\OgreRenderQueueSortingGrouping.h" />
    <ClInclude Include="extern\kenshilib\Include\ogre\OgreRenderSystem.h" />
    <ClInclude Include="extern\kenshilib\Include\ogre\OgreRenderSystemCapabilities.h" />
    <ClInclude Include="extern\kenshilib\Include\ogre\OgreRenderSystemCapabilitiesManager.h" />
    <ClInclude Include="extern\kenshilib\Include\ogre\OgreRenderSystemCapabilitiesSerializer.h" />
    <ClInclude Include="extern\kenshilib\Include\ogre\OgreRenderTarget.h" />
    <ClInclude Include="extern\kenshilib\Include\ogre\OgreRenderTargetListener.h" />
    <ClInclude Include="extern\kenshilib\Include\ogre\OgreRenderTexture.h" />
    <ClInclude Include="extern\kenshilib\Include\ogre\OgreRenderToVertexBuffer.h" />
    <ClInclude Include="extern\kenshilib\Include\ogre\OgreRenderWindow.h" />
    <ClInclude Include="extern\kenshilib\Include\ogre\OgreResource.h" />
    <ClInclude Include="extern\kenshilib\Include\ogre\OgreResourceBackgroundQueue.h" />
    <ClInclude Include="extern\kenshilib\Include\ogre\OgreResourceGroupManager.h" />
    <ClInclude Include="extern\kenshilib\Include\ogre\OgreResourceManager.h" />
    <ClInclude Include="extern\kenshilib\Include\ogre\OgreRibbonTrail.h" />
    <ClInclude Include="extern\kenshilib\Include\ogre\OgreRoot.h" />
    <ClInclude Include="extern\kenshilib\Include\ogre\OgreRotationalSpline.h" />
    <ClInclude Include="extern\kenshilib\Include\ogre\OgreSceneManager.h" />
    <ClInclude Include="extern\kenshilib\Include\ogre\OgreSceneManagerEnumerator.h" />
    <ClInclude Include="extern\kenshilib\Include\ogre\OgreSceneNode.h" />
    <ClInclude Include="extern\kenshilib\Include\ogre\OgreSceneQuery.h" />
    <ClInclude Include="extern\kenshilib\Include\ogre\OgreScriptCompiler.h" />
    <ClInclude Include="extern\kenshilib\Include\ogre\OgreScriptLexer.h" />
    <ClInclude Include="extern\kenshilib\Include\ogre\OgreScriptLoader.h" />
    <ClInclude Include="extern\kenshilib\Include\ogre\OgreScriptParser.h" />
    <ClInclude Include="extern\kenshilib\Include\ogre\OgreScriptTranslator.h" />
    <ClInclude Include="extern\kenshilib\Include\ogre\OgreSearchOps.h" />
    <ClInclude Include="extern\kenshilib\Include\ogre\OgreSerializer.h" />
    <ClInclude Include="extern\kenshilib\Include\ogre\OgreShadowCameraSetup.h" />
    <ClInclude Include="extern\kenshilib\Include\ogre\OgreShadowCameraSetupFocused.h" />
    <ClInclude Include="extern\kenshilib\Include\ogre\OgreShadowCameraSetupPlaneOptimal.h" />
    <ClInclude Include="extern\kenshilib\Include\ogre\OgreShadowCameraSetupPSSM.h" />
    <ClInclude Include="extern\kenshilib\Include\ogre\OgreShadowTextureManager.h" />
    <ClInclude Include="extern\kenshilib\Include\ogre\OgreShadowVolumeExtrudeProgram.h" />
    <ClInclude Include="extern\kenshilib\Include\ogre\OgreSharedPtr.h" />
    <ClInclude Include="extern\kenshilib\Include\ogre\OgreSIMDHelper.h" />
    <ClInclude Include="extern\kenshilib\Include\ogre\OgreSimpleRenderable.h" />
    <ClInclude Include="extern\kenshilib\Include\ogre\OgreSimpleSpline.h" />
    <ClInclude Include="extern\kenshilib\Include\ogre\OgreSingleton.h" />
    <ClInclude Include="extern\kenshilib\Include\ogre\OgreSkeleton.h" />
    <ClInclude Include="extern\kenshilib\Include\ogre\OgreSkeletonFileFormat.h" />
    <ClInclude Include="extern\kenshilib\Include\ogre\OgreSkeletonSerializer.h" />
    <ClInclude Include="extern\kenshilib\Include\ogre\OgreSmallVector.h" />
    <ClInclude Include="extern\kenshilib\Include\ogre\OgreSphere.h" />
    <ClInclude Include="extern\kenshilib\Include\ogre\OgreStableHeaders.h" />
    <ClInclude Include="extern\kenshilib\Include\ogre\OgreStaticFaceGroup.h" />
    <ClInclude Include="extern\kenshilib\Include\ogre\OgreStaticGeometry.h" />
    <ClInclude Include="extern\kenshilib\Include\ogre\OgreStaticPluginLoader.h" />
    <ClInclude Include="extern\kenshilib\Include\ogre\OgreStdHeaders.h" />
    <ClInclude Include="extern\kenshilib\Include\ogre\OgreStreamSerialiser.h" />
    <ClInclude Include="extern\kenshilib\Include\ogre\OgreString.h" />
    <ClInclude Include="extern\kenshilib\Include\ogre\OgreStringConverter.h" />
    <ClInclude Include="extern\kenshilib\Include\ogre\OgreStringInterface.h" />
    <ClInclude Include="extern\kenshilib\Include\ogre\OgreStringVector.h" />
    <ClInclude Include="extern\kenshilib\Include\ogre\OgreSubEntity.h" />
    <ClInclude Include="extern\kenshilib\Include\ogre\OgreSubMesh.h" />
    <ClInclude Include="extern\kenshilib\Include\ogre\OgreTagPoint.h" />
    <ClInclude Include="extern\kenshilib\Include\ogre\OgreTangentSpaceCalc.h" />
    <ClInclude Include="extern\kenshilib\Include\ogre\OgreTechnique.h" />
    <ClInclude Include="extern\kenshilib\Include\ogre\OgreTexture.h" />
    <ClInclude Include="extern\kenshilib\Include\ogre\OgreTextureManager.h" />
    <ClInclude Include="extern\kenshilib\Include\ogre\OgreTextureUnitState.h" />
    <ClInclude Include="extern\kenshilib\Include\ogre\OgreTimer.h" />
    <ClInclude Include="extern\kenshilib\Include\ogre\OgreUnifiedHighLevelGpuProgram.h" />
    <ClInclude Include="extern\kenshilib\Include\ogre\OgreUserObjectBindings.h" />
    <ClInclude Include="extern\kenshilib\Include\ogre\OgreUTFString.h" />
    <ClInclude Include="extern\kenshilib\Include\ogre\OgreVector2.h" />
    <ClInclude Include="extern\kenshilib\Include\ogre\OgreVector3.h" />
    <ClInclude Include="extern\kenshilib\Include\ogre\OgreVector4.h" />
    <ClInclude Include="extern\kenshilib\Include\ogre\OgreVertexBoneAssignment.h" />
    <ClInclude Include="extern\kenshilib\Include\ogre\OgreVertexIndexData.h" />
    <ClInclude Include="extern\kenshilib\Include\ogre\OgreViewport.h" />
    <ClInclude Include="extern\kenshilib\Include\ogre\OgreVisibilityFlags.h" />
    <ClInclude Include="extern\kenshilib\Include\ogre\OgreWindowEventUtilities.h" />
    <ClInclude Include="extern\kenshilib\Include\ogre\OgreWireBoundingBox.h" />
    <ClInclude Include="extern\kenshilib\Include\ogre\OgreWorkQueue.h" />
    <ClInclude Include="extern\kenshilib\Include\ogre\OgreZip.h" />
    <ClInclude Include="extern\kenshilib\Include\ogre\Overlay\OgreBorderPanelOverlayElement.h" />
    <ClInclude Include="extern\kenshilib\Include\ogre\Overlay\OgreFont.h" />
    <ClInclude Include="extern\kenshilib\Include\ogre\Overlay\OgreFontManager.h" />
    <ClInclude Include="extern\kenshilib\Include\ogre\Overlay\OgreOverlay.h" />
    <ClInclude Include="extern\kenshilib\Include\ogre\Overlay\OgreOverlayContainer.h" />
    <ClInclude Include="extern\kenshilib\Include\ogre\Overlay\OgreOverlayElement.h" />
    <ClInclude Include="extern\kenshilib\Include\ogre\Overlay\OgreOverlayElementCommands.h" />
    <ClInclude Include="extern\kenshilib\Include\ogre\Overlay\OgreOverlayElementFactory.h" />
    <ClInclude Include="extern\kenshilib\Include\ogre\Overlay\OgreOverlayManager.h" />
    <ClInclude Include="extern\kenshilib\Include\ogre\Overlay\OgreOverlayPrerequisites.h" />
    <ClInclude Include="extern\kenshilib\Include\ogre\Overlay\OgreOverlayProfileSessionListener.h" />
    <ClInclude Include="extern\kenshilib\Include\ogre\Overlay\OgreOverlaySystem.h" />
    <ClInclude Include="extern\kenshilib\Include\ogre\Overlay\OgrePanelOverlayElement.h" />
    <ClInclude Include="extern\kenshilib\Include\ogre\Overlay\OgreTextAreaOverlayElement.h" />
    <ClInclude Include="extern\kenshilib\Include\ogre\Plugins\CgProgramManager\OgreCgFxScriptLoader.h" />
    <ClInclude Include="extern\kenshilib\Include\ogre\Plugins\CgProgramManager\OgreCgPlugin.h" />
    <ClInclude Include="extern\kenshilib\Include\ogre\Plugins\CgProgramManager\OgreCgPrerequisites.h" />
    <ClInclude Include="extern\kenshilib\Include\ogre\Plugins\CgProgramManager\OgreCgProgram.h" />
    <ClInclude Include="extern\kenshilib\Include\ogre\Plugins\CgProgramManager\OgreCgProgramFactory.h" />
    <ClInclude Include="extern\kenshilib\Include\ogre\Plugins\ParticleFX\OgreAreaEmitter.h" />
    <ClInclude Include="extern\kenshilib\Include\ogre\Plugins\ParticleFX\OgreBoxEmitter.h" />
    <ClInclude Include="extern\kenshilib\Include\ogre\Plugins\ParticleFX\OgreBoxEmitterFactory.h" />
    <ClInclude Include="extern\kenshilib\Include\ogre\Plugins\ParticleFX\OgreColourFaderAffector.h" />
    <ClInclude Include="extern\kenshilib\Include\ogre\Plugins\ParticleFX\OgreColourFaderAffector2.h" />
    <ClInclude Include="extern\kenshilib\Include\ogre\Plugins\ParticleFX\OgreColourFaderAffectorFactory.h" />
    <ClInclude Include="extern\kenshilib\Include\ogre\Plugins\ParticleFX\OgreColourFaderAffectorFactory2.h" />
    <ClInclude Include="extern\kenshilib\Include\ogre\Plugins\ParticleFX\OgreColourImageAffector.h" />
    <ClInclude Include="extern\kenshilib\Include\ogre\Plugins\ParticleFX\OgreColourImageAffectorFactory.h" />
    <ClInclude Include="extern\kenshilib\Include\ogre\Plugins\ParticleFX\OgreColourInterpolatorAffector.h" />
    <ClInclude Include="extern\kenshilib\Include\ogre\Plugins\ParticleFX\OgreColourInterpolatorAffectorFactory.h" />
    <ClInclude Include="extern\kenshilib\Include\ogre\Plugins\ParticleFX\OgreCylinderEmitter.h" />
    <ClInclude Include="extern\kenshilib\Include\ogre\Plugins\ParticleFX\OgreCylinderEmitterFactory.h" />
    <ClInclude Include="extern\kenshilib\Include\ogre\Plugins\ParticleFX\OgreDeflectorPlaneAffector.h" />
    <ClInclude Include="extern\kenshilib\Include\ogre\Plugins\ParticleFX\OgreDeflectorPlaneAffectorFactory.h" />
    <ClInclude Include="extern\kenshilib\Include\ogre\Plugins\ParticleFX\OgreDirectionRandomiserAffector.h" />
    <ClInclude Include="extern\kenshilib\Include\ogre\Plugins\ParticleFX\OgreDirectionRandomiserAffectorFactory.h" />
    <ClInclude Include="extern\kenshilib\Include\ogre\Plugins\ParticleFX\OgreEllipsoidEmitter.h" />
    <ClInclude Include="extern\kenshilib\Include\ogre\Plugins\ParticleFX\OgreEllipsoidEmitterFactory.h" />
    <ClInclude Include="extern\kenshilib\Include\ogre\Plugins\ParticleFX\OgreHollowEllipsoidEmitter.h" />
    <ClInclude Include="extern\kenshilib\Include\ogre\Plugins\ParticleFX\OgreHollowEllipsoidEmitterFactory.h" />
    <ClInclude Include="extern\kenshilib\Include\ogre\Plugins\ParticleFX\OgreLinearForceAffector.h" />
    <ClInclude Include="extern\kenshilib\Include\ogre\Plugins\ParticleFX\OgreLinearForceAffectorFactory.h" />
    <ClInclude Include="extern\kenshilib\Include\ogre\Plugins\ParticleFX\OgreParticleFXPlugin.h" />
    <ClInclude Include="extern\kenshilib\Include\ogre\Plugins\ParticleFX\OgreParticleFXPrerequisites.h" />
    <ClInclude Include="extern\kenshilib\Include\ogre\Plugins\ParticleFX\OgrePointEmitter.h" />
    <ClInclude Include="extern\kenshilib\Include\ogre\Plugins\ParticleFX\OgrePointEmitterFactory.h" />
    <ClInclude Include="extern\kenshilib\Include\ogre\Plugins\ParticleFX\OgreRingEmitter.h" />
    <ClInclude Include="extern\kenshilib\Include\ogre\Plugins\ParticleFX\OgreRingEmitterFactory.h" />
    <ClInclude Include="extern\kenshilib\Include\ogre\Plugins\ParticleFX\OgreRotationAffector.h" />
    <ClInclude Include="extern\kenshilib\Include\ogre\Plugins\ParticleFX\OgreRotationAffectorFactory.h" />
    <ClInclude Include="extern\kenshilib\Include\ogre\Plugins\ParticleFX\OgreScaleAffector.h" />
    <ClInclude Include="extern\kenshilib\Include\ogre\Plugins\ParticleFX\OgreScaleAffectorFactory.h" />
    <ClInclude Include="extern\kenshilib\Include\ogre\RenderSystems\Direct3D11\OgreD3D11DepthBuffer.h" />
    <ClInclude Include="extern\kenshilib\Include\ogre\RenderSystems\Direct3D11\OgreD3D11Device.h" />
    <ClInclude Include="extern\kenshilib\Include\ogre\RenderSystems\Direct3D11\OgreD3D11Driver.h" />
    <ClInclude Include="extern\kenshilib\Include\ogre\RenderSystems\Direct3D11\OgreD3D11DriverList.h" />
    <ClInclude Include="extern\kenshilib\Include\ogre\RenderSystems\Direct3D11\OgreD3D11GpuProgram.h" />
    <ClInclude Include="extern\kenshilib\Include\ogre\RenderSystems\Direct3D11\OgreD3D11GpuProgramManager.h" />
    <ClInclude Include="extern\kenshilib\Include\ogre\RenderSystems\Direct3D11\OgreD3D11HardwareBuffer.h" />
    <ClInclude Include="extern\kenshilib\Include\ogre\RenderSystems\Direct3D11\OgreD3D11HardwareBufferManager.h" />
    <ClInclude Include="extern\kenshilib\Include\ogre\RenderSystems\Direct3D11\OgreD3D11HardwareIndexBuffer.h" />
    <ClInclude Include="extern\kenshilib\Include\ogre\RenderSystems\Direct3D11\OgreD3D11HardwareOcclusionQuery.h" />
    <ClInclude Include="extern\kenshilib\Include\ogre\RenderSystems\Direct3D11\OgreD3D11HardwarePixelBuffer.h" />
    <ClInclude Include="extern\kenshilib\Include\ogre\RenderSystems\Direct3D11\OgreD3D11HardwareUniformBuffer.h" />
    <ClInclude Include="extern\kenshilib\Include\ogre\RenderSystems\Direct3D11\OgreD3D11HardwareVertexBuffer.h" />
    <ClInclude Include="extern\kenshilib\Include\ogre\RenderSystems\Direct3D11\OgreD3D11HLSLProgram.h" />
    <ClInclude Include="extern\kenshilib\Include\ogre\RenderSystems\Direct3D11\OgreD3D11HLSLProgramFactory.h" />
    <ClInclude Include="extern\kenshilib\Include\ogre\RenderSystems\Direct3D11\OgreD3D11Mappings.h" />
    <ClInclude Include="extern\kenshilib\Include\ogre\RenderSystems\Direct3D11\OgreD3D11MultiRenderTarget.h" />
    <ClInclude Include="extern\kenshilib\Include\ogre\RenderSystems\Direct3D11\OgreD3D11Plugin.h" />
    <ClInclude Include="extern\kenshilib\Include\ogre\RenderSystems\Direct3D11\OgreD3D11Prerequisites.h" />
    <ClInclude Include="extern\kenshilib\Include\ogre\RenderSystems\Direct3D11\OgreD3D11RenderSystem.h" />
    <ClInclude Include="extern\kenshilib\Include\ogre\RenderSystems\Direct3D11\OgreD3D11RenderToVertexBuffer.h" />
    <ClInclude Include="extern\kenshilib\Include\ogre\RenderSystems\Direct3D11\OgreD3D11RenderWindow.h" />
    <ClInclude Include="extern\kenshilib\Include\ogre\RenderSystems\Direct3D11\OgreD3D11StereoDriverAMD.h" />
    <ClInclude Include="extern\kenshilib\Include\ogre\RenderSystems\Direct3D11\OgreD3D11StereoDriverBridge.h" />
    <ClInclude Include="extern\kenshilib\Include\ogre\RenderSystems\Direct3D11\OgreD3D11StereoDriverImpl.h" />
    <ClInclude Include="extern\kenshilib\Include\ogre\RenderSystems\Direct3D11\OgreD3D11StereoDriverNVIDIA.h" />
    <ClInclude Include="extern\kenshilib\Include\ogre\RenderSystems\Direct3D11\OgreD3D11Texture.h" />
    <ClInclude Include="extern\kenshilib\Include\ogre\RenderSystems\Direct3D11\OgreD3D11TextureManager.h" />
    <ClInclude Include="extern\kenshilib\Include\ogre\RenderSystems\Direct3D11\OgreD3D11VertexDeclaration.h" />
    <ClInclude Include="extern\kenshilib\Include\ogre\RenderSystems\Direct3D11\OgreD3D11VideoMode.h" />
    <ClInclude Include="extern\kenshilib\Include\ogre\RenderSystems\Direct3D11\OgreD3D11VideoModeList.h" />
    <ClInclude Include="extern\kenshilib\Include\ogre\RenderSystems\Direct3D11\OgreMonitorInfo.h" />
    <ClInclude Include="extern\kenshilib\Include\ogre\RenderSystems\Direct3D11\OgreNsightChecker.h" />
    <ClInclude Include="extern\kenshilib\Include\ogre\SdkCameraMan.h" />
    <ClInclude Include="extern\kenshilib\Include\ogre\SdkSample.h" />
    <ClInclude Include="extern\kenshilib\Include\ogre\SdkTrays.h" />
    <ClInclude Include="extern\kenshilib\Include\ogre\Threading\OgreBarrier.h" />
    <ClInclude Include="extern\kenshilib\Include\ogre\Threading\OgreDefaultWorkQueue.h" />
    <ClInclude Include="extern\kenshilib\Include\ogre\Threading\OgreDefaultWorkQueueStandard.h" />
    <ClInclude Include="extern\kenshilib\Include\ogre\Threading\OgreLightweightMutex.h" />
    <ClInclude Include="extern\kenshilib\Include\ogre\Threading\OgreThreadDefines.h" />
    <ClInclude Include="extern\kenshilib\Include\ogre\Threading\OgreThreadDefinesBoost.h" />
    <ClInclude Include="extern\kenshilib\Include\ogre\Threading\OgreThreadHeaders.h" />
    <ClInclude Include="extern\kenshilib\Include\ogre\Threading\OgreThreadHeadersBoost.h" />
    <ClInclude Include="extern\kenshilib\Include\ogre\Threading\OgreThreads.h" />
    <ClInclude Include="extern\kenshilib\Include\ogre\Threading\OgreUniformScalableTask.h" />
    <ClInclude Include="extern\kenshilib\Include\ogre\WIN32\OgreConfigDialogImp.h" />
    <ClInclude Include="extern\kenshilib\Include\ogre\WIN32\OgreErrorDialogImp.h" />
    <ClInclude Include="extern\kenshilib\Include\ogre\WIN32\OgreMinGWSupport.h" />
    <ClInclude Include="extern\kenshilib\Include\ogre\WIN32\OgreTimerImp.h" />
    <ClInclude Include="src\Lua\Benchmark.h" />
    <ClInclude Include="src\Bindings\CharacterAnimalBinding.h" />
    <ClInclude Include="src\Bindings\AbstractMovementBaseBinding.h" />
    <ClInclude Include="src\Bindings\ActivePlatoonBinding.h" />
    <ClInclude Include="src\Bindings\AnimalInventoryLayoutBinding.h" />
    <ClInclude Include="src\Bindings\AppearanceAnimalBinding.h" />
    <ClInclude Include="src\Bindings\AppearanceBaseBinding.h" />
    <ClInclude Include="src\Bindings\AppearanceHumanBinding.h" />
    <ClInclude Include="src\Bindings\ArmourBinding.h" />
    <ClInclude Include="src\Bindings\AttachedArrowManagerBinding.h" />
    <ClInclude Include="src\Bindings\BuildingSwapsBinding.h" />
    <ClInclude Include="src\Bindings\CampaignTriggerDataBinding.h" />
    <ClInclude Include="src\Bindings\CharacterHumanBinding.h" />
    <ClInclude Include="src\Bindings\CharacterInventoryLayoutBinding.h" />
    <ClInclude Include="src\Bindings\CharMovementBinding.h" />
    <ClInclude Include="src\Bindings\CombatMovementControllerBinding.h" />
    <ClInclude Include="src\Bindings\ContainerItemBinding.h" />
    <ClInclude Include="src\Bindings\CreatelistItemBinding.h" />
    <ClInclude Include="src\Bindings\CrossbowBinding.h" />
    <ClInclude Include="src\Bindings\DataObjectContainerBinding.h" />
    <ClInclude Include="src\Bindings\DelayedSpawnMsgBinding.h" />
    <ClInclude Include="src\Bindings\DialogActionBinding.h" />
    <ClInclude Include="src\Bindings\DialogChoiceListBinding.h" />
    <ClInclude Include="src\Bindings\DialogConditionBinding.h" />
    <ClInclude Include="src\Bindings\DialogDataManagerBinding.h" />
    <ClInclude Include="src\Bindings\DialogLineDataBinding.h" />
    <ClInclude Include="src\Bindings\DialogStateBinding.h" />
    <ClInclude Include="src\Bindings\DialogueSpeechBubbleBinding.h" />
    <ClInclude Include="src\Bindings\FactionManagerBinding.h" />
    <ClInclude Include="src\Bindings\FlagConditionBinding.h" />
    <ClInclude Include="src\Bindings\FlockingToolsBinding.h" />
    <ClInclude Include="src\Bindings\FormationMoverBinding.h" />
    <ClInclude Include="src\Bindings\GameDataContainerBinding.h" />
    <ClInclude Include="src\Bindings\GameDataCopyStandaloneBinding.h" />
    <ClInclude Include="src\Bindings\GameDataHeaderBinding.h" />
    <ClInclude Include="src\Bindings\GameDataManagerBinding.h" />
    <ClInclude Include="src\Bindings\GameDataReferenceBinding.h" />
    <ClInclude Include="src\Bindings\GameDataValuePairBinding.h" />
    <ClInclude Include="src\Bindings\GameplayOptionsBinding.h" />
    <ClInclude Include="src\Bindings\HasRoomCacheBinding.h" />
    <ClInclude Include="src\Bindings\HealthPartStatusBinding.h" />
    <ClInclude Include="src\Bindings\InventoryItemBaseBinding.h" />
    <ClInclude Include="src\Bindings\InventorySectionBinding.h" />
    <ClInclude Include="src\Bindings\ItemDataBinding.h" />
    <ClInclude Include="src\Bindings\LimbsInventoryLayoutBinding.h" />
    <ClInclude Include="src\Bindings\LimiterBinding.h" />
    <ClInclude Include="src\Bindings\LockedArmourBinding.h" />
    <ClInclude Include="src\Bindings\MedianFilter2DVectorBinding.h" />
    <ClInclude Include="src\Bindings\MedianFilterBinding.h" />
    <ClInclude Include="src\Bindings\MeshDataLookupBinding.h" />
    <ClInclude Include="src\Bindings\MotionFilterBinding.h" />
    <ClInclude Include="src\Bindings\NxUserControllerHitReportBinding.h" />
    <ClInclude Include="src\Bindings\ObjectInstanceBinding.h" />
    <ClInclude Include="src\Bindings\OptionsHolderBinding.h" />
    <ClInclude Include="src\Bindings\OwnershipsBinding.h" />
    <ClInclude Include="src\Bindings\physHitBinding.h" />
    <ClInclude Include="src\Bindings\RaceLimiterBinding.h" />
    <ClInclude Include="src\Bindings\RepetitionCounterBinding.h" />
    <ClInclude Include="src\Bindings\RobotLimbsBinding.h" />
    <ClInclude Include="src\Bindings\RootObjectBaseBinding.h" />
    <ClInclude Include="src\Bindings\RootObjectContainerBinding.h" />
    <ClInclude Include="src\Bindings\RootObjectFactoryBinding.h" />
    <ClInclude Include="src\Bindings\SectionItemBinding.h" />
    <ClInclude Include="src\Bindings\SeenSomeoneBinding.h" />
    <ClInclude Include="src\Bindings\SenseItrBinding.h" />
    <ClInclude Include="src\Bindings\SensoryDataBinding.h" />
    <ClInclude Include="src\Bindings\SimpleTimeStamperBinding.h" />
    <ClInclude Include="src\Bindings\SpecificItemLoadFirstBinding.h" />
    <ClInclude Include="src\Bindings\SpeedGroupBinding.h" />
    <ClInclude Include="src\Bindings\SpotBinding.h" />
    <ClInclude Include="src\Bindings\SpottingPeopleMgrBinding.h" />
    <ClInclude Include="src\Bindings\SwordBinding.h" />
    <ClInclude Include="src\Bindings\SysMessageBinding.h" />
    <ClInclude Include="src\Bindings\TaskDataBinding.h" />
    <ClInclude Include="src\Bindings\TaskerBinding.h" />
    <ClInclude Include="src\Bindings\TaskStateDataBinding.h" />
    <ClInclude Include="src\Bindings\TownBaseBinding.h" />
    <ClInclude Include="src\Bindings\TownBuildingsManagerBinding.h" />
    <ClInclude Include="src\Bindings\TownPositionCacherBinding.h" />
    <ClInclude Include="src\Bindings\VisibleObjectInfoBinding.h" />
    <ClInclude Include="src\Bindings\WaterStateBinding.h" />
    <ClInclude Include="src\Bindings\WeaponBinding.h" />
    <ClInclude Include="src\Bindings\WhoSeesMeBinding.h" />
    <ClInclude Include="src\Bindings\WorldEventStateQueryBinding.h" />
    <ClInclude Include="src\Bindings\WorldEventStateQueryListBinding.h" />
    <ClInclude Include="src\Bindings\AIOptionsBinding.h" />
    <ClInclude Include="src\Bindings\ContextMenuBinding.h" />
    <ClInclude Include="src\Bindings\FactoryCallbackInterfaceBinding.h" />
    <ClInclude Include="src\Bindings\Building\BuildMaterialBinding.h" />
    <ClInclude Include="src\Bindings\Building\BuildingBinding.h" />
    <ClInclude Include="src\Bindings\Building\BuildingPlacementGroundTypeBinding.h" />
    <ClInclude Include="src\Bindings\Building\ConstructionStateBinding.h" />
    <ClInclude Include="src\Bindings\Building\FootprintBinding.h" />
    <ClInclude Include="src\Bindings\Building\FootprintNodeBinding.h" />
    <ClInclude Include="src\Bindings\Building\PreviewBuildingBinding.h" />
  </ItemGroup>
  <ItemGroup>
    <None Include="generators\parse_enums.py" />
    <None Include="scripts\go_prone.lua" />
    <None Include="scripts\log_stats_on_key.lua" />
    <None Include="scripts\log_char_name_health_on_select.lua" />
    <None Include="scripts\log_when_carrying_something.lua" />
    <None Include="scripts\misc_test_script.lua" />
    <None Include="scripts\pause_game_on_key.lua" />
    <None Include="scripts\print_log_on_say.lua" />
    <None Include="scripts\print_stats_on_update.lua" />
    <None Include="scripts\test_script.lua" />
    <None Include="src\Gui\ScriptEditor_EditBox.xml" />
    <None Include="extern\kenshilib\Include\ogre\Animation\OgreBone.inl" />
    <None Include="extern\kenshilib\Include\ogre\Math\Array\NEON\Single\OgreArrayAabb.inl" />
    <None Include="extern\kenshilib\Include\ogre\Math\Array\NEON\Single\OgreArrayMatrix4.inl" />
    <None Include="extern\kenshilib\Include\ogre\Math\Array\NEON\Single\OgreArrayMatrixAf4x3.inl" />
    <None Include="extern\kenshilib\Include\ogre\Math\Array\NEON\Single\OgreArrayQuaternion.inl" />
    <None Include="extern\kenshilib\Include\ogre\Math\Array\NEON\Single\OgreArraySphere.inl" />
    <None Include="extern\kenshilib\Include\ogre\Math\Array\NEON\Single\OgreArrayVector3.inl" />
    <None Include="extern\kenshilib\Include\ogre\Math\Array\NEON\Single\OgreBooleanMask.inl" />
    <None Include="extern\kenshilib\Include\ogre\Math\Array\NEON\Single\OgreMathlibNEON.inl" />
    <None Include="extern\kenshilib\Include\ogre\Math\Array\SSE2\Single\OgreArrayAabb.inl" />
    <None Include="extern\kenshilib\Include\ogre\Math\Array\SSE2\Single\OgreArrayMatrix4.inl" />
    <None Include="extern\kenshilib\Include\ogre\Math\Array\SSE2\Single\OgreArrayMatrixAf4x3.inl" />
    <None Include="extern\kenshilib\Include\ogre\Math\Array\SSE2\Single\OgreArrayQuaternion.inl" />
    <None Include="extern\kenshilib\Include\ogre\Math\Array\SSE2\Single\OgreArraySphere.inl" />
    <None Include="extern\kenshilib\Include\ogre\Math\Array\SSE2\Single\OgreArrayVector3.inl" />
    <None Include="extern\kenshilib\Include\ogre\Math\Array\SSE2\Single\OgreBooleanMask.inl" />
    <None Include="extern\kenshilib\Include\ogre\Math\Array\SSE2\Single\OgreMathlibSSE2.inl" />
    <None Include="extern\kenshilib\Include\ogre\Math\Simple\C\OgreAabb.inl" />
    <None Include="extern\kenshilib\Include\ogre\OgreInstancedEntity.inl" />
    <None Include="extern\kenshilib\Include\ogre\OgreLight.inl" />
    <None Include="extern\kenshilib\Include\ogre\OgreLodStrategyPrivate.inl" />
    <None Include="extern\kenshilib\Include\ogre\OgreMovableObject.inl" />
  </ItemGroup>
</Project>